{
  "nodes": {
    "dotfiles": {
      "locked": {
        "lastModified": 1757773426,
        "narHash": "sha256-3ZwM4PN5Ggb12V3x33jD41ObEvWYP4X51Refk/ES18o=",
        "ref": "refs/heads/main",
        "rev": "c4b7cd20e9241644ab9c5746fd3a13c238745b28",
        "revCount": 97,
        "submodules": true,
        "type": "git",
        "url": "ssh://git@github.com/sushydev/dotfiles"
      },
      "original": {
        "submodules": true,
        "type": "git",
        "url": "ssh://git@github.com/sushydev/dotfiles"
      }
    },
    "home-manager": {
      "inputs": {
        "nixpkgs": [
          "nixpkgs"
        ]
      },
      "locked": {
        "lastModified": 1757698511,
        "narHash": "sha256-UqHHGydF/q3jfYXCpvYLA0TWtvByOp1NwOKCUjhYmPs=",
        "owner": "nix-community",
        "repo": "home-manager",
        "rev": "a3fcc92180c7462082cd849498369591dfb20855",
        "type": "github"
      },
      "original": {
        "owner": "nix-community",
        "repo": "home-manager",
        "type": "github"
      }
    },
    "nix-darwin": {
      "inputs": {
        "nixpkgs": [
          "nixpkgs"
        ]
      },
      "locked": {
        "lastModified": 1757130842,
        "narHash": "sha256-4i7KKuXesSZGUv0cLPLfxbmF1S72Gf/3aSypgvVkwuA=",
        "owner": "nix-darwin",
        "repo": "nix-darwin",
        "rev": "15f067638e2887c58c4b6ba1bdb65a0b61dc58c5",
        "type": "github"
      },
      "original": {
        "owner": "nix-darwin",
        "ref": "master",
        "repo": "nix-darwin",
        "type": "github"
      }
    },
    "nix-darwin-apps": {
      "inputs": {
        "nixpkgs": [
          "nixpkgs"
        ]
      },
      "locked": {
        "lastModified": 1757619388,
        "narHash": "sha256-4A0XQZ7p1AfHpbIK6IS77W5XQjS8CAmhum0w4UiTdAg=",
        "path": "/Users/sushy/Documents/Projects/nix-darwin-apps",
        "type": "path"
      },
      "original": {
        "path": "/Users/sushy/Documents/Projects/nix-darwin-apps",
        "type": "path"
      }
    },
    "nix-plist-manager": {
      "inputs": {
        "nixpkgs": [
          "nixpkgs"
        ]
      },
      "locked": {
        "lastModified": 1757703071,
        "narHash": "sha256-6lWsFa1J2B6aoqzVnJAZYot8modIyEgtrDurPnzBkYI=",
        "path": "/Users/sushy/Documents/Projects/nix-plist-manager-v2",
        "type": "path"
      },
      "original": {
        "path": "/Users/sushy/Documents/Projects/nix-plist-manager-v2",
        "type": "path"
      }
    },
    "nixpkgs": {
      "locked": {
        "lastModified": 1757487488,
        "narHash": "sha256-zwE/e7CuPJUWKdvvTCB7iunV4E/+G0lKfv4kk/5Izdg=",
        "owner": "nixos",
        "repo": "nixpkgs",
        "rev": "ab0f3607a6c7486ea22229b92ed2d355f1482ee0",
        "type": "github"
      },
      "original": {
        "owner": "nixos",
        "ref": "nixos-unstable",
        "repo": "nixpkgs",
        "type": "github"
      }
    },
    "root": {
      "inputs": {
        "dotfiles": "dotfiles",
        "home-manager": "home-manager",
        "nix-darwin": "nix-darwin",
        "nix-darwin-apps": "nix-darwin-apps",
        "nix-plist-manager": "nix-plist-manager",
        "nixpkgs": "nixpkgs",
        "sushypkgs": "sushypkgs"
      }
    },
    "sushypkgs": {
      "locked": {
        "lastModified": 1756373303,
        "narHash": "sha256-XAW8TQGS5fpyD3Un12bXCZ9T66EUVrcnx+ziG22886Y=",
        "owner": "SushyDev",
        "repo": "nixpkgs",
        "rev": "8069fa31d8893c2c78598611f6b6ac669796f543",
        "type": "github"
      },
      "original": {
        "owner": "SushyDev",
        "ref": "master",
        "repo": "nixpkgs",
        "type": "github"
      }
    }
  },
  "root": "root",
  "version": 7
}
